
Microsoft Visual Studio Solution File, Format Version 12.00
# Visual Studio Version 16
VisualStudioVersion = 16.0.29306.81
MinimumVisualStudioVersion = 10.0.40219.1
Project("{FAE04EC0-301F-11D3-BF4B-00C04F79EFBC}") = "Kattis", "Kattis\Kattis.csproj", "{DE7E3F0C-ED25-4D76-BBD2-6DD490373590}"
EndProject
Global
	GlobalSection(SolutionConfigurationPlatforms) = preSolution
		Debug|Any CPU = Debug|Any CPU
		Release|Any CPU = Release|Any CPU
	EndGlobalSection
	GlobalSection(ProjectConfigurationPlatforms) = postSolution
		{DE7E3F0C-ED25-4D76-BBD2-6DD490373590}.Debug|Any CPU.ActiveCfg = Debug|Any CPU
		{DE7E3F0C-ED25-4D76-BBD2-6DD490373590}.Debug|Any CPU.Build.0 = Debug|Any CPU
		{DE7E3F0C-ED25-4D76-BBD2-6DD490373590}.Release|Any CPU.ActiveCfg = Release|Any CPU
		{DE7E3F0C-ED25-4D76-BBD2-6DD490373590}.Release|Any CPU.Build.0 = Release|Any CPU
	EndGlobalSection
	GlobalSection(SolutionProperties) = preSolution
		HideSolutionNode = FALSE
	EndGlobalSection
	GlobalSection(ExtensibilityGlobals) = postSolution
		SolutionGuid = {6E75B2FE-2BAB-4D37-A33B-5B8EB89795D1}
	EndGlobalSection
EndGlobal
